
Microsoft Visual Studio Solution File, Format Version 12.00
# Visual Studio Version 17
VisualStudioVersion = 17.0.31903.59
MinimumVisualStudioVersion = 10.0.40219.1
Project("{2150E333-8FDC-42A3-9474-1A3956D46DE8}") = "src", "src", "{827E0CD3-B72D-47B6-A68D-7590B98EB39B}"
EndProject
Project("{2150E333-8FDC-42A3-9474-1A3956D46DE8}") = "Domains", "Domains", "{55B8E2B3-FCE6-896E-E028-E6393D6A9606}"
EndProject
Project("{FAE04EC0-301F-11D3-BF4B-00C04F79EFBC}") = "Internal.FantaSottone.Domain", "src\Domains\Internal.FantaSottone.Domain\Internal.FantaSottone.Domain.csproj", "{6EB5E7C0-D0D8-4D10-B3A0-FCF6A5F17607}"
EndProject
Project("{2150E333-8FDC-42A3-9474-1A3956D46DE8}") = "Businesses", "Businesses", "{5E33EDAE-70FF-3AD7-AF2C-6C7981E4C0B8}"
EndProject
Project("{FAE04EC0-301F-11D3-BF4B-00C04F79EFBC}") = "Internal.FantaSottone.Business", "src\Businesses\Internal.FantaSottone.Business\Internal.FantaSottone.Business.csproj", "{700F2C7A-B98F-4980-892F-3A9F95D6CC3B}"
EndProject
Project("{2150E333-8FDC-42A3-9474-1A3956D46DE8}") = "Infrastructures", "Infrastructures", "{704FE57B-DEE1-0577-4379-C11B895E77D2}"
EndProject
Project("{FAE04EC0-301F-11D3-BF4B-00C04F79EFBC}") = "Internal.FantaSottone.Infrastructure", "src\Infrastructures\Internal.FantaSottone.Infrastructure\Internal.FantaSottone.Infrastructure.csproj", "{45230960-7999-4C3D-8AF8-C5C6B5EAC76E}"
EndProject
Project("{2150E333-8FDC-42A3-9474-1A3956D46DE8}") = "Tests", "Tests", "{CEA09484-30F6-4D44-02F6-822E06DBC57C}"
EndProject
Project("{FAE04EC0-301F-11D3-BF4B-00C04F79EFBC}") = "Internal.FantaSottone.Tests", "src\Tests\Internal.FantaSottone.Tests\Internal.FantaSottone.Tests.csproj", "{43419BC3-6658-4447-BD46-E6002DCB7352}"
EndProject
Project("{2150E333-8FDC-42A3-9474-1A3956D46DE8}") = "Apis", "Apis", "{2B3BBCB9-5FF0-936D-1E46-FF3628A685EC}"
EndProject
Project("{FAE04EC0-301F-11D3-BF4B-00C04F79EFBC}") = "Internal.FantaSottone.Api", "src\Apis\Internal.FantaSottone.Api\Internal.FantaSottone.Api.csproj", "{0F247D99-F9A2-4C18-B45E-0BCFC5188B46}"
EndProject
Project("{00D1A9C2-B5F0-4AF3-8072-F6C62B433612}") = "Internal.FantaSottone.Sql", "src\Infrastructures\Internal.FantaSottone.Sql\Internal.FantaSottone.Sql.sqlproj", "{10F8E2E8-0755-4D90-A90C-81D9D4F04F51}"
EndProject
Global
	GlobalSection(SolutionConfigurationPlatforms) = preSolution
		Debug|Any CPU = Debug|Any CPU
		Debug|x64 = Debug|x64
		Debug|x86 = Debug|x86
		Release|Any CPU = Release|Any CPU
		Release|x64 = Release|x64
		Release|x86 = Release|x86
	EndGlobalSection
	GlobalSection(ProjectConfigurationPlatforms) = postSolution
		{6EB5E7C0-D0D8-4D10-B3A0-FCF6A5F17607}.Debug|Any CPU.ActiveCfg = Debug|Any CPU
		{6EB5E7C0-D0D8-4D10-B3A0-FCF6A5F17607}.Debug|Any CPU.Build.0 = Debug|Any CPU
		{6EB5E7C0-D0D8-4D10-B3A0-FCF6A5F17607}.Debug|x64.ActiveCfg = Debug|Any CPU
		{6EB5E7C0-D0D8-4D10-B3A0-FCF6A5F17607}.Debug|x64.Build.0 = Debug|Any CPU
		{6EB5E7C0-D0D8-4D10-B3A0-FCF6A5F17607}.Debug|x86.ActiveCfg = Debug|Any CPU
		{6EB5E7C0-D0D8-4D10-B3A0-FCF6A5F17607}.Debug|x86.Build.0 = Debug|Any CPU
		{6EB5E7C0-D0D8-4D10-B3A0-FCF6A5F17607}.Release|Any CPU.ActiveCfg = Release|Any CPU
		{6EB5E7C0-D0D8-4D10-B3A0-FCF6A5F17607}.Release|Any CPU.Build.0 = Release|Any CPU
		{6EB5E7C0-D0D8-4D10-B3A0-FCF6A5F17607}.Release|x64.ActiveCfg = Release|Any CPU
		{6EB5E7C0-D0D8-4D10-B3A0-FCF6A5F17607}.Release|x64.Build.0 = Release|Any CPU
		{6EB5E7C0-D0D8-4D10-B3A0-FCF6A5F17607}.Release|x86.ActiveCfg = Release|Any CPU
		{6EB5E7C0-D0D8-4D10-B3A0-FCF6A5F17607}.Release|x86.Build.0 = Release|Any CPU
		{700F2C7A-B98F-4980-892F-3A9F95D6CC3B}.Debug|Any CPU.ActiveCfg = Debug|Any CPU
		{700F2C7A-B98F-4980-892F-3A9F95D6CC3B}.Debug|Any CPU.Build.0 = Debug|Any CPU
		{700F2C7A-B98F-4980-892F-3A9F95D6CC3B}.Debug|x64.ActiveCfg = Debug|Any CPU
		{700F2C7A-B98F-4980-892F-3A9F95D6CC3B}.Debug|x64.Build.0 = Debug|Any CPU
		{700F2C7A-B98F-4980-892F-3A9F95D6CC3B}.Debug|x86.ActiveCfg = Debug|Any CPU
		{700F2C7A-B98F-4980-892F-3A9F95D6CC3B}.Debug|x86.Build.0 = Debug|Any CPU
		{700F2C7A-B98F-4980-892F-3A9F95D6CC3B}.Release|Any CPU.ActiveCfg = Release|Any CPU
		{700F2C7A-B98F-4980-892F-3A9F95D6CC3B}.Release|Any CPU.Build.0 = Release|Any CPU
		{700F2C7A-B98F-4980-892F-3A9F95D6CC3B}.Release|x64.ActiveCfg = Release|Any CPU
		{700F2C7A-B98F-4980-892F-3A9F95D6CC3B}.Release|x64.Build.0 = Release|Any CPU
		{700F2C7A-B98F-4980-892F-3A9F95D6CC3B}.Release|x86.ActiveCfg = Release|Any CPU
		{700F2C7A-B98F-4980-892F-3A9F95D6CC3B}.Release|x86.Build.0 = Release|Any CPU
		{45230960-7999-4C3D-8AF8-C5C6B5EAC76E}.Debug|Any CPU.ActiveCfg = Debug|Any CPU
		{45230960-7999-4C3D-8AF8-C5C6B5EAC76E}.Debug|Any CPU.Build.0 = Debug|Any CPU
		{45230960-7999-4C3D-8AF8-C5C6B5EAC76E}.Debug|x64.ActiveCfg = Debug|Any CPU
		{45230960-7999-4C3D-8AF8-C5C6B5EAC76E}.Debug|x64.Build.0 = Debug|Any CPU
		{45230960-7999-4C3D-8AF8-C5C6B5EAC76E}.Debug|x86.ActiveCfg = Debug|Any CPU
		{45230960-7999-4C3D-8AF8-C5C6B5EAC76E}.Debug|x86.Build.0 = Debug|Any CPU
		{45230960-7999-4C3D-8AF8-C5C6B5EAC76E}.Release|Any CPU.ActiveCfg = Release|Any CPU
		{45230960-7999-4C3D-8AF8-C5C6B5EAC76E}.Release|Any CPU.Build.0 = Release|Any CPU
		{45230960-7999-4C3D-8AF8-C5C6B5EAC76E}.Release|x64.ActiveCfg = Release|Any CPU
		{45230960-7999-4C3D-8AF8-C5C6B5EAC76E}.Release|x64.Build.0 = Release|Any CPU
		{45230960-7999-4C3D-8AF8-C5C6B5EAC76E}.Release|x86.ActiveCfg = Release|Any CPU
		{45230960-7999-4C3D-8AF8-C5C6B5EAC76E}.Release|x86.Build.0 = Release|Any CPU
		{43419BC3-6658-4447-BD46-E6002DCB7352}.Debug|Any CPU.ActiveCfg = Debug|Any CPU
		{43419BC3-6658-4447-BD46-E6002DCB7352}.Debug|Any CPU.Build.0 = Debug|Any CPU
		{43419BC3-6658-4447-BD46-E6002DCB7352}.Debug|x64.ActiveCfg = Debug|Any CPU
		{43419BC3-6658-4447-BD46-E6002DCB7352}.Debug|x64.Build.0 = Debug|Any CPU
		{43419BC3-6658-4447-BD46-E6002DCB7352}.Debug|x86.ActiveCfg = Debug|Any CPU
		{43419BC3-6658-4447-BD46-E6002DCB7352}.Debug|x86.Build.0 = Debug|Any CPU
		{43419BC3-6658-4447-BD46-E6002DCB7352}.Release|Any CPU.ActiveCfg = Release|Any CPU
		{43419BC3-6658-4447-BD46-E6002DCB7352}.Release|Any CPU.Build.0 = Release|Any CPU
		{43419BC3-6658-4447-BD46-E6002DCB7352}.Release|x64.ActiveCfg = Release|Any CPU
		{43419BC3-6658-4447-BD46-E6002DCB7352}.Release|x64.Build.0 = Release|Any CPU
		{43419BC3-6658-4447-BD46-E6002DCB7352}.Release|x86.ActiveCfg = Release|Any CPU
		{43419BC3-6658-4447-BD46-E6002DCB7352}.Release|x86.Build.0 = Release|Any CPU
		{0F247D99-F9A2-4C18-B45E-0BCFC5188B46}.Debug|Any CPU.ActiveCfg = Debug|Any CPU
		{0F247D99-F9A2-4C18-B45E-0BCFC5188B46}.Debug|Any CPU.Build.0 = Debug|Any CPU
		{0F247D99-F9A2-4C18-B45E-0BCFC5188B46}.Debug|x64.ActiveCfg = Debug|Any CPU
		{0F247D99-F9A2-4C18-B45E-0BCFC5188B46}.Debug|x64.Build.0 = Debug|Any CPU
		{0F247D99-F9A2-4C18-B45E-0BCFC5188B46}.Debug|x86.ActiveCfg = Debug|Any CPU
		{0F247D99-F9A2-4C18-B45E-0BCFC5188B46}.Debug|x86.Build.0 = Debug|Any CPU
		{0F247D99-F9A2-4C18-B45E-0BCFC5188B46}.Release|Any CPU.ActiveCfg = Release|Any CPU
		{0F247D99-F9A2-4C18-B45E-0BCFC5188B46}.Release|Any CPU.Build.0 = Release|Any CPU
		{0F247D99-F9A2-4C18-B45E-0BCFC5188B46}.Release|x64.ActiveCfg = Release|Any CPU
		{0F247D99-F9A2-4C18-B45E-0BCFC5188B46}.Release|x64.Build.0 = Release|Any CPU
		{0F247D99-F9A2-4C18-B45E-0BCFC5188B46}.Release|x86.ActiveCfg = Release|Any CPU
		{0F247D99-F9A2-4C18-B45E-0BCFC5188B46}.Release|x86.Build.0 = Release|Any CPU
		{10F8E2E8-0755-4D90-A90C-81D9D4F04F51}.Debug|Any CPU.ActiveCfg = Debug|Any CPU
		{10F8E2E8-0755-4D90-A90C-81D9D4F04F51}.Debug|Any CPU.Deploy.0 = Debug|Any CPU
		{10F8E2E8-0755-4D90-A90C-81D9D4F04F51}.Debug|x64.ActiveCfg = Debug|Any CPU
		{10F8E2E8-0755-4D90-A90C-81D9D4F04F51}.Debug|x64.Deploy.0 = Debug|Any CPU
		{10F8E2E8-0755-4D90-A90C-81D9D4F04F51}.Debug|x86.ActiveCfg = Debug|Any CPU
		{10F8E2E8-0755-4D90-A90C-81D9D4F04F51}.Debug|x86.Deploy.0 = Debug|Any CPU
		{10F8E2E8-0755-4D90-A90C-81D9D4F04F51}.Release|Any CPU.ActiveCfg = Release|Any CPU
		{10F8E2E8-0755-4D90-A90C-81D9D4F04F51}.Release|Any CPU.Deploy.0 = Release|Any CPU
		{10F8E2E8-0755-4D90-A90C-81D9D4F04F51}.Release|x64.ActiveCfg = Release|Any CPU
		{10F8E2E8-0755-4D90-A90C-81D9D4F04F51}.Release|x64.Deploy.0 = Release|Any CPU
		{10F8E2E8-0755-4D90-A90C-81D9D4F04F51}.Release|x86.ActiveCfg = Release|Any CPU
		{10F8E2E8-0755-4D90-A90C-81D9D4F04F51}.Release|x86.Deploy.0 = Release|Any CPU
	EndGlobalSection
	GlobalSection(SolutionProperties) = preSolution
		HideSolutionNode = FALSE
	EndGlobalSection
	GlobalSection(NestedProjects) = preSolution
		{55B8E2B3-FCE6-896E-E028-E6393D6A9606} = {827E0CD3-B72D-47B6-A68D-7590B98EB39B}
		{6EB5E7C0-D0D8-4D10-B3A0-FCF6A5F17607} = {55B8E2B3-FCE6-896E-E028-E6393D6A9606}
		{5E33EDAE-70FF-3AD7-AF2C-6C7981E4C0B8} = {827E0CD3-B72D-47B6-A68D-7590B98EB39B}
		{700F2C7A-B98F-4980-892F-3A9F95D6CC3B} = {5E33EDAE-70FF-3AD7-AF2C-6C7981E4C0B8}
		{704FE57B-DEE1-0577-4379-C11B895E77D2} = {827E0CD3-B72D-47B6-A68D-7590B98EB39B}
		{45230960-7999-4C3D-8AF8-C5C6B5EAC76E} = {704FE57B-DEE1-0577-4379-C11B895E77D2}
		{CEA09484-30F6-4D44-02F6-822E06DBC57C} = {827E0CD3-B72D-47B6-A68D-7590B98EB39B}
		{43419BC3-6658-4447-BD46-E6002DCB7352} = {CEA09484-30F6-4D44-02F6-822E06DBC57C}
		{2B3BBCB9-5FF0-936D-1E46-FF3628A685EC} = {827E0CD3-B72D-47B6-A68D-7590B98EB39B}
		{0F247D99-F9A2-4C18-B45E-0BCFC5188B46} = {2B3BBCB9-5FF0-936D-1E46-FF3628A685EC}
		{10F8E2E8-0755-4D90-A90C-81D9D4F04F51} = {704FE57B-DEE1-0577-4379-C11B895E77D2}
	EndGlobalSection
	GlobalSection(ExtensibilityGlobals) = postSolution
		SolutionGuid = {53C1CE95-9B79-4EF8-B269-469F85E40645}
	EndGlobalSection
EndGlobal
